
Microsoft Visual Studio Solution File, Format Version 12.00
# Visual Studio Version 17
VisualStudioVersion = 17.5.33627.172
MinimumVisualStudioVersion = 10.0.40219.1
Project("{FAE04EC0-301F-11D3-BF4B-00C04F79EFBC}") = "interview", "interview\interview.csproj", "{CC656D05-C8D1-4CDF-8E86-111235982469}"
EndProject
Global
	GlobalSection(SolutionConfigurationPlatforms) = preSolution
		Debug|Any CPU = Debug|Any CPU
		Release|Any CPU = Release|Any CPU
	EndGlobalSection
	GlobalSection(ProjectConfigurationPlatforms) = postSolution
		{CC656D05-C8D1-4CDF-8E86-111235982469}.Debug|Any CPU.ActiveCfg = Debug|Any CPU
		{CC656D05-C8D1-4CDF-8E86-111235982469}.Debug|Any CPU.Build.0 = Debug|Any CPU
		{CC656D05-C8D1-4CDF-8E86-111235982469}.Release|Any CPU.ActiveCfg = Release|Any CPU
		{CC656D05-C8D1-4CDF-8E86-111235982469}.Release|Any CPU.Build.0 = Release|Any CPU
	EndGlobalSection
	GlobalSection(SolutionProperties) = preSolution
		HideSolutionNode = FALSE
	EndGlobalSection
	GlobalSection(ExtensibilityGlobals) = postSolution
		SolutionGuid = {194705BD-C570-4F51-91B0-F406CFDB50FA}
	EndGlobalSection
EndGlobal
